// !$*UTF8*$!
{
	archiveVersion = 1;
	classes = {
	};
	objectVersion = 55;
	objects = {

/* Begin PBXBuildFile section */
		4DAFFD46288E314500C70680 /* Keychain.swift in Sources */ = {isa = PBXBuildFile; fileRef = 4DAFFD45288E314500C70680 /* Keychain.swift */; };
		4DE179D028CAC27E00B5B775 /* detnsw-autologin-helper.app in CopyFiles */ = {isa = PBXBuildFile; fileRef = 4DFC29C3288FA32700905466 /* detnsw-autologin-helper.app */; };
		4DF73A492DA74AFE00F970FF /* Keychain.swift in Sources */ = {isa = PBXBuildFile; fileRef = 4DAFFD45288E314500C70680 /* Keychain.swift */; };
		4DF73A4B2DA74C0E00F970FF /* Main.swift in Sources */ = {isa = PBXBuildFile; fileRef = 4DF73A4A2DA74C0E00F970FF /* Main.swift */; };
		4DFC29C6288FA32700905466 /* AppDelegate.swift in Sources */ = {isa = PBXBuildFile; fileRef = 4DFC29C5288FA32700905466 /* AppDelegate.swift */; };
		992782772E0E2C8F001767FF /* main.swift in Sources */ = {isa = PBXBuildFile; fileRef = 992782762E0E2C8E001767FF /* main.swift */; };
		99A8A6F52E0CD88C00921068 /* Utils.swift in Sources */ = {isa = PBXBuildFile; fileRef = 99A8A6F42E0CD88B00921068 /* Utils.swift */; };
		99A8A6F62E0CD88C00921068 /* Utils.swift in Sources */ = {isa = PBXBuildFile; fileRef = 99A8A6F42E0CD88B00921068 /* Utils.swift */; };
		99A8A6FB2E0CDBAD00921068 /* Assets.xcassets in Resources */ = {isa = PBXBuildFile; fileRef = 99A8A6FA2E0CDBAD00921068 /* Assets.xcassets */; };
		99A8A6FC2E0CDBAD00921068 /* Assets.xcassets in Resources */ = {isa = PBXBuildFile; fileRef = 99A8A6FA2E0CDBAD00921068 /* Assets.xcassets */; };
/* End PBXBuildFile section */

/* Begin PBXContainerItemProxy section */
		4D15932928C961340064F193 /* PBXContainerItemProxy */ = {
			isa = PBXContainerItemProxy;
			containerPortal = 4DAFFD0E288A38A100C70680 /* Project object */;
			proxyType = 1;
			remoteGlobalIDString = 4DFC29C2288FA32700905466;
			remoteInfo = "detnsw-autologin-helper";
		};
/* End PBXContainerItemProxy section */

/* Begin PBXCopyFilesBuildPhase section */
		4DE179CF28CAC27400B5B775 /* CopyFiles */ = {
			isa = PBXCopyFilesBuildPhase;
			buildActionMask = 2147483647;
			dstPath = "detnsw-autologin.app/Contents/Library/LoginItems";
			dstSubfolderSpec = 16;
			files = (
				4DE179D028CAC27E00B5B775 /* detnsw-autologin-helper.app in CopyFiles */,
			);
			runOnlyForDeploymentPostprocessing = 0;
		};
/* End PBXCopyFilesBuildPhase section */

/* Begin PBXFileReference section */
		4DAFFD16288A38A100C70680 /* detnsw-autologin.app */ = {isa = PBXFileReference; explicitFileType = wrapper.application; includeInIndex = 0; path = "detnsw-autologin.app"; sourceTree = BUILT_PRODUCTS_DIR; };
		4DAFFD22288A38A500C70680 /* detnsw_autologin.entitlements */ = {isa = PBXFileReference; lastKnownFileType = text.plist.entitlements; path = detnsw_autologin.entitlements; sourceTree = "<group>"; };
		4DAFFD44288A50C700C70680 /* README.md */ = {isa = PBXFileReference; lastKnownFileType = net.daringfireball.markdown; path = README.md; sourceTree = "<group>"; };
		4DAFFD45288E314500C70680 /* Keychain.swift */ = {isa = PBXFileReference; lastKnownFileType = sourcecode.swift; path = Keychain.swift; sourceTree = "<group>"; };
		4DF73A4A2DA74C0E00F970FF /* Main.swift */ = {isa = PBXFileReference; lastKnownFileType = sourcecode.swift; path = Main.swift; sourceTree = "<group>"; };
		4DFC29C3288FA32700905466 /* detnsw-autologin-helper.app */ = {isa = PBXFileReference; explicitFileType = wrapper.application; includeInIndex = 0; path = "detnsw-autologin-helper.app"; sourceTree = BUILT_PRODUCTS_DIR; };
		4DFC29C5288FA32700905466 /* AppDelegate.swift */ = {isa = PBXFileReference; lastKnownFileType = sourcecode.swift; path = AppDelegate.swift; sourceTree = "<group>"; };
		4DFC29CE288FA32700905466 /* detnsw_autologin_helper.entitlements */ = {isa = PBXFileReference; lastKnownFileType = text.plist.entitlements; path = detnsw_autologin_helper.entitlements; sourceTree = "<group>"; };
		992782762E0E2C8E001767FF /* main.swift */ = {isa = PBXFileReference; lastKnownFileType = sourcecode.swift; path = main.swift; sourceTree = "<group>"; };
		99A8A6F42E0CD88B00921068 /* Utils.swift */ = {isa = PBXFileReference; lastKnownFileType = sourcecode.swift; path = Utils.swift; sourceTree = "<group>"; };
		99A8A6FA2E0CDBAD00921068 /* Assets.xcassets */ = {isa = PBXFileReference; lastKnownFileType = folder.assetcatalog; path = Assets.xcassets; sourceTree = "<group>"; };
/* End PBXFileReference section */

/* Begin PBXFrameworksBuildPhase section */
		4DAFFD13288A38A100C70680 /* Frameworks */ = {
			isa = PBXFrameworksBuildPhase;
			buildActionMask = 2147483647;
			files = (
			);
			runOnlyForDeploymentPostprocessing = 0;
		};
		4DFC29C0288FA32700905466 /* Frameworks */ = {
			isa = PBXFrameworksBuildPhase;
			buildActionMask = 2147483647;
			files = (
			);
			runOnlyForDeploymentPostprocessing = 0;
		};
/* End PBXFrameworksBuildPhase section */

/* Begin PBXGroup section */
		4DAFFD0D288A38A100C70680 = {
			isa = PBXGroup;
			children = (
				4DF73A482DA74AF000F970FF /* Shared */,
				4DAFFD44288A50C700C70680 /* README.md */,
				4DAFFD18288A38A100C70680 /* detnsw-autologin */,
				4DFC29C4288FA32700905466 /* detnsw-autologin-helper */,
				4DAFFD17288A38A100C70680 /* Products */,
			);
			sourceTree = "<group>";
		};
		4DAFFD17288A38A100C70680 /* Products */ = {
			isa = PBXGroup;
			children = (
				4DAFFD16288A38A100C70680 /* detnsw-autologin.app */,
				4DFC29C3288FA32700905466 /* detnsw-autologin-helper.app */,
			);
			name = Products;
			sourceTree = "<group>";
		};
		4DAFFD18288A38A100C70680 /* detnsw-autologin */ = {
			isa = PBXGroup;
			children = (
				99A8A6FA2E0CDBAD00921068 /* Assets.xcassets */,
				4DAFFD22288A38A500C70680 /* detnsw_autologin.entitlements */,
				4DF73A4A2DA74C0E00F970FF /* Main.swift */,
			);
			path = "detnsw-autologin";
			sourceTree = "<group>";
		};
		4DF73A482DA74AF000F970FF /* Shared */ = {
			isa = PBXGroup;
			children = (
				99A8A6F42E0CD88B00921068 /* Utils.swift */,
				4DAFFD45288E314500C70680 /* Keychain.swift */,
			);
			path = Shared;
			sourceTree = "<group>";
		};
		4DFC29C4288FA32700905466 /* detnsw-autologin-helper */ = {
			isa = PBXGroup;
			children = (
				992782762E0E2C8E001767FF /* main.swift */,
				4DFC29C5288FA32700905466 /* AppDelegate.swift */,
				4DFC29CE288FA32700905466 /* detnsw_autologin_helper.entitlements */,
			);
			path = "detnsw-autologin-helper";
			sourceTree = "<group>";
		};
/* End PBXGroup section */

/* Begin PBXNativeTarget section */
		4DAFFD15288A38A100C70680 /* detnsw-autologin */ = {
			isa = PBXNativeTarget;
			buildConfigurationList = 4DAFFD3B288A38A500C70680 /* Build configuration list for PBXNativeTarget "detnsw-autologin" */;
			buildPhases = (
				4DAFFD12288A38A100C70680 /* Sources */,
				4DAFFD13288A38A100C70680 /* Frameworks */,
				4DAFFD14288A38A100C70680 /* Resources */,
				4DE179CF28CAC27400B5B775 /* CopyFiles */,
			);
			buildRules = (
			);
			dependencies = (
				4D15932A28C961340064F193 /* PBXTargetDependency */,
			);
			name = "detnsw-autologin";
			productName = "detnsw-autologin";
			productReference = 4DAFFD16288A38A100C70680 /* detnsw-autologin.app */;
			productType = "com.apple.product-type.application";
		};
		4DFC29C2288FA32700905466 /* detnsw-autologin-helper */ = {
			isa = PBXNativeTarget;
			buildConfigurationList = 4DFC29E5288FA32800905466 /* Build configuration list for PBXNativeTarget "detnsw-autologin-helper" */;
			buildPhases = (
				4DFC29BF288FA32700905466 /* Sources */,
				4DFC29C0288FA32700905466 /* Frameworks */,
				4DFC29C1288FA32700905466 /* Resources */,
			);
			buildRules = (
			);
			dependencies = (
			);
			name = "detnsw-autologin-helper";
			productName = "detnsw-autologin-helper";
			productReference = 4DFC29C3288FA32700905466 /* detnsw-autologin-helper.app */;
			productType = "com.apple.product-type.application";
		};
/* End PBXNativeTarget section */

/* Begin PBXProject section */
		4DAFFD0E288A38A100C70680 /* Project object */ = {
			isa = PBXProject;
			attributes = {
				BuildIndependentTargetsInParallel = 1;
				LastSwiftUpdateCheck = 1340;
				LastUpgradeCheck = 1340;
				TargetAttributes = {
					4DAFFD15288A38A100C70680 = {
						CreatedOnToolsVersion = 13.4.1;
					};
					4DFC29C2288FA32700905466 = {
						CreatedOnToolsVersion = 13.4.1;
					};
				};
			};
			buildConfigurationList = 4DAFFD11288A38A100C70680 /* Build configuration list for PBXProject "detnsw-autologin" */;
			compatibilityVersion = "Xcode 13.0";
			developmentRegion = en;
			hasScannedForEncodings = 0;
			knownRegions = (
				en,
				Base,
			);
			mainGroup = 4DAFFD0D288A38A100C70680;
			productRefGroup = 4DAFFD17288A38A100C70680 /* Products */;
			projectDirPath = "";
			projectRoot = "";
			targets = (
				4DAFFD15288A38A100C70680 /* detnsw-autologin */,
				4DFC29C2288FA32700905466 /* detnsw-autologin-helper */,
			);
		};
/* End PBXProject section */

/* Begin PBXResourcesBuildPhase section */
		4DAFFD14288A38A100C70680 /* Resources */ = {
			isa = PBXResourcesBuildPhase;
			buildActionMask = 2147483647;
			files = (
				99A8A6FC2E0CDBAD00921068 /* Assets.xcassets in Resources */,
			);
			runOnlyForDeploymentPostprocessing = 0;
		};
		4DFC29C1288FA32700905466 /* Resources */ = {
			isa = PBXResourcesBuildPhase;
			buildActionMask = 2147483647;
			files = (
				99A8A6FB2E0CDBAD00921068 /* Assets.xcassets in Resources */,
			);
			runOnlyForDeploymentPostprocessing = 0;
		};
/* End PBXResourcesBuildPhase section */

/* Begin PBXSourcesBuildPhase section */
		4DAFFD12288A38A100C70680 /* Sources */ = {
			isa = PBXSourcesBuildPhase;
			buildActionMask = 2147483647;
			files = (
				4DAFFD46288E314500C70680 /* Keychain.swift in Sources */,
				99A8A6F62E0CD88C00921068 /* Utils.swift in Sources */,
				4DF73A4B2DA74C0E00F970FF /* Main.swift in Sources */,
			);
			runOnlyForDeploymentPostprocessing = 0;
		};
		4DFC29BF288FA32700905466 /* Sources */ = {
			isa = PBXSourcesBuildPhase;
			buildActionMask = 2147483647;
			files = (
				4DFC29C6288FA32700905466 /* AppDelegate.swift in Sources */,
				99A8A6F52E0CD88C00921068 /* Utils.swift in Sources */,
				992782772E0E2C8F001767FF /* main.swift in Sources */,
				4DF73A492DA74AFE00F970FF /* Keychain.swift in Sources */,
			);
			runOnlyForDeploymentPostprocessing = 0;
		};
/* End PBXSourcesBuildPhase section */

/* Begin PBXTargetDependency section */
		4D15932A28C961340064F193 /* PBXTargetDependency */ = {
			isa = PBXTargetDependency;
			target = 4DFC29C2288FA32700905466 /* detnsw-autologin-helper */;
			targetProxy = 4D15932928C961340064F193 /* PBXContainerItemProxy */;
		};
/* End PBXTargetDependency section */

/* Begin XCBuildConfiguration section */
		4DAFFD39288A38A500C70680 /* Debug */ = {
			isa = XCBuildConfiguration;
			buildSettings = {
				ALWAYS_SEARCH_USER_PATHS = NO;
				CLANG_ANALYZER_NONNULL = YES;
				CLANG_ANALYZER_NUMBER_OBJECT_CONVERSION = YES_AGGRESSIVE;
				CLANG_CXX_LANGUAGE_STANDARD = "gnu++17";
				CLANG_ENABLE_MODULES = YES;
				CLANG_ENABLE_OBJC_ARC = YES;
				CLANG_ENABLE_OBJC_WEAK = YES;
				CLANG_WARN_BLOCK_CAPTURE_AUTORELEASING = YES;
				CLANG_WARN_BOOL_CONVERSION = YES;
				CLANG_WARN_COMMA = YES;
				CLANG_WARN_CONSTANT_CONVERSION = YES;
				CLANG_WARN_DEPRECATED_OBJC_IMPLEMENTATIONS = YES;
				CLANG_WARN_DIRECT_OBJC_ISA_USAGE = YES_ERROR;
				CLANG_WARN_DOCUMENTATION_COMMENTS = YES;
				CLANG_WARN_EMPTY_BODY = YES;
				CLANG_WARN_ENUM_CONVERSION = YES;
				CLANG_WARN_INFINITE_RECURSION = YES;
				CLANG_WARN_INT_CONVERSION = YES;
				CLANG_WARN_NON_LITERAL_NULL_CONVERSION = YES;
				CLANG_WARN_OBJC_IMPLICIT_RETAIN_SELF = YES;
				CLANG_WARN_OBJC_LITERAL_CONVERSION = YES;
				CLANG_WARN_OBJC_ROOT_CLASS = YES_ERROR;
				CLANG_WARN_QUOTED_INCLUDE_IN_FRAMEWORK_HEADER = YES;
				CLANG_WARN_RANGE_LOOP_ANALYSIS = YES;
				CLANG_WARN_STRICT_PROTOTYPES = YES;
				CLANG_WARN_SUSPICIOUS_MOVE = YES;
				CLANG_WARN_UNGUARDED_AVAILABILITY = YES_AGGRESSIVE;
				CLANG_WARN_UNREACHABLE_CODE = YES;
				CLANG_WARN__DUPLICATE_METHOD_MATCH = YES;
				COPY_PHASE_STRIP = NO;
				DEBUG_INFORMATION_FORMAT = dwarf;
				ENABLE_STRICT_OBJC_MSGSEND = YES;
				ENABLE_TESTABILITY = YES;
				GCC_C_LANGUAGE_STANDARD = gnu11;
				GCC_DYNAMIC_NO_PIC = NO;
				GCC_NO_COMMON_BLOCKS = YES;
				GCC_OPTIMIZATION_LEVEL = 0;
				GCC_PREPROCESSOR_DEFINITIONS = (
					"DEBUG=1",
					"$(inherited)",
				);
				GCC_WARN_64_TO_32_BIT_CONVERSION = YES;
				GCC_WARN_ABOUT_RETURN_TYPE = YES_ERROR;
				GCC_WARN_UNDECLARED_SELECTOR = YES;
				GCC_WARN_UNINITIALIZED_AUTOS = YES_AGGRESSIVE;
				GCC_WARN_UNUSED_FUNCTION = YES;
				GCC_WARN_UNUSED_VARIABLE = YES;
				MACOSX_DEPLOYMENT_TARGET = 13.5;
				MTL_ENABLE_DEBUG_INFO = INCLUDE_SOURCE;
				MTL_FAST_MATH = YES;
				ONLY_ACTIVE_ARCH = YES;
				SDKROOT = macosx;
				SWIFT_ACTIVE_COMPILATION_CONDITIONS = DEBUG;
				SWIFT_OPTIMIZATION_LEVEL = "-Onone";
			};
			name = Debug;
		};
		4DAFFD3A288A38A500C70680 /* Release */ = {
			isa = XCBuildConfiguration;
			buildSettings = {
				ALWAYS_SEARCH_USER_PATHS = NO;
				CLANG_ANALYZER_NONNULL = YES;
				CLANG_ANALYZER_NUMBER_OBJECT_CONVERSION = YES_AGGRESSIVE;
				CLANG_CXX_LANGUAGE_STANDARD = "gnu++17";
				CLANG_ENABLE_MODULES = YES;
				CLANG_ENABLE_OBJC_ARC = YES;
				CLANG_ENABLE_OBJC_WEAK = YES;
				CLANG_WARN_BLOCK_CAPTURE_AUTORELEASING = YES;
				CLANG_WARN_BOOL_CONVERSION = YES;
				CLANG_WARN_COMMA = YES;
				CLANG_WARN_CONSTANT_CONVERSION = YES;
				CLANG_WARN_DEPRECATED_OBJC_IMPLEMENTATIONS = YES;
				CLANG_WARN_DIRECT_OBJC_ISA_USAGE = YES_ERROR;
				CLANG_WARN_DOCUMENTATION_COMMENTS = YES;
				CLANG_WARN_EMPTY_BODY = YES;
				CLANG_WARN_ENUM_CONVERSION = YES;
				CLANG_WARN_INFINITE_RECURSION = YES;
				CLANG_WARN_INT_CONVERSION = YES;
				CLANG_WARN_NON_LITERAL_NULL_CONVERSION = YES;
				CLANG_WARN_OBJC_IMPLICIT_RETAIN_SELF = YES;
				CLANG_WARN_OBJC_LITERAL_CONVERSION = YES;
				CLANG_WARN_OBJC_ROOT_CLASS = YES_ERROR;
				CLANG_WARN_QUOTED_INCLUDE_IN_FRAMEWORK_HEADER = YES;
				CLANG_WARN_RANGE_LOOP_ANALYSIS = YES;
				CLANG_WARN_STRICT_PROTOTYPES = YES;
				CLANG_WARN_SUSPICIOUS_MOVE = YES;
				CLANG_WARN_UNGUARDED_AVAILABILITY = YES_AGGRESSIVE;
				CLANG_WARN_UNREACHABLE_CODE = YES;
				CLANG_WARN__DUPLICATE_METHOD_MATCH = YES;
				COPY_PHASE_STRIP = NO;
				DEBUG_INFORMATION_FORMAT = "dwarf-with-dsym";
				ENABLE_NS_ASSERTIONS = NO;
				ENABLE_STRICT_OBJC_MSGSEND = YES;
				GCC_C_LANGUAGE_STANDARD = gnu11;
				GCC_NO_COMMON_BLOCKS = YES;
				GCC_WARN_64_TO_32_BIT_CONVERSION = YES;
				GCC_WARN_ABOUT_RETURN_TYPE = YES_ERROR;
				GCC_WARN_UNDECLARED_SELECTOR = YES;
				GCC_WARN_UNINITIALIZED_AUTOS = YES_AGGRESSIVE;
				GCC_WARN_UNUSED_FUNCTION = YES;
				GCC_WARN_UNUSED_VARIABLE = YES;
				MACOSX_DEPLOYMENT_TARGET = 13.5;
				MTL_ENABLE_DEBUG_INFO = NO;
				MTL_FAST_MATH = YES;
				SDKROOT = macosx;
				SWIFT_COMPILATION_MODE = wholemodule;
				SWIFT_OPTIMIZATION_LEVEL = "-O";
			};
			name = Release;
		};
		4DAFFD3C288A38A500C70680 /* Debug */ = {
			isa = XCBuildConfiguration;
			buildSettings = {
				ASSETCATALOG_COMPILER_APPICON_NAME = AppIcon;
				ASSETCATALOG_COMPILER_GLOBAL_ACCENT_COLOR_NAME = AccentColor;
				ASSETCATALOG_COMPILER_INCLUDE_ALL_APPICON_ASSETS = YES;
				CODE_SIGN_ENTITLEMENTS = "detnsw-autologin/detnsw_autologin.entitlements";
				CODE_SIGN_IDENTITY = "Apple Development";
				CODE_SIGN_STYLE = Automatic;
				COMBINE_HIDPI_IMAGES = YES;
				CURRENT_PROJECT_VERSION = 1;
				DEVELOPMENT_TEAM = QX9LC82293;
				ENABLE_HARDENED_RUNTIME = YES;
				GENERATE_INFOPLIST_FILE = YES;
				INFOPLIST_KEY_LSApplicationCategoryType = "public.app-category.utilities";
				INFOPLIST_KEY_NSHumanReadableCopyright = "";
				INFOPLIST_KEY_NSPrincipalClass = NSApplication;
				LD_RUNPATH_SEARCH_PATHS = (
					"$(inherited)",
					"@executable_path/../Frameworks",
				);
				MACOSX_DEPLOYMENT_TARGET = 13.0;
				MARKETING_VERSION = 2.0;
				PRODUCT_BUNDLE_IDENTIFIER = "circularsprojects.detnsw-autologin";
				PRODUCT_NAME = "$(TARGET_NAME)";
				PROVISIONING_PROFILE_SPECIFIER = "";
				SWIFT_EMIT_LOC_STRINGS = YES;
				SWIFT_VERSION = 5.0;
			};
			name = Debug;
		};
		4DAFFD3D288A38A500C70680 /* Release */ = {
			isa = XCBuildConfiguration;
			buildSettings = {
				ASSETCATALOG_COMPILER_APPICON_NAME = AppIcon;
				ASSETCATALOG_COMPILER_GLOBAL_ACCENT_COLOR_NAME = AccentColor;
				ASSETCATALOG_COMPILER_INCLUDE_ALL_APPICON_ASSETS = YES;
				CODE_SIGN_ENTITLEMENTS = "detnsw-autologin/detnsw_autologin.entitlements";
				CODE_SIGN_IDENTITY = "Apple Development";
				CODE_SIGN_STYLE = Automatic;
				COMBINE_HIDPI_IMAGES = YES;
				CURRENT_PROJECT_VERSION = 1;
				DEVELOPMENT_TEAM = QX9LC82293;
				ENABLE_HARDENED_RUNTIME = YES;
				GENERATE_INFOPLIST_FILE = YES;
				INFOPLIST_KEY_LSApplicationCategoryType = "public.app-category.utilities";
				INFOPLIST_KEY_NSHumanReadableCopyright = "";
				INFOPLIST_KEY_NSPrincipalClass = NSApplication;
				LD_RUNPATH_SEARCH_PATHS = (
					"$(inherited)",
					"@executable_path/../Frameworks",
				);
				MACOSX_DEPLOYMENT_TARGET = 13.0;
				MARKETING_VERSION = 2.0;
				PRODUCT_BUNDLE_IDENTIFIER = "circularsprojects.detnsw-autologin";
				PRODUCT_NAME = "$(TARGET_NAME)";
				PROVISIONING_PROFILE_SPECIFIER = "";
				SWIFT_EMIT_LOC_STRINGS = YES;
				SWIFT_VERSION = 5.0;
			};
			name = Release;
		};
		4DFC29E6288FA32800905466 /* Debug */ = {
			isa = XCBuildConfiguration;
			buildSettings = {
				ASSETCATALOG_COMPILER_APPICON_NAME = AppIcon;
				ASSETCATALOG_COMPILER_GLOBAL_ACCENT_COLOR_NAME = AccentColor;
				ASSETCATALOG_COMPILER_INCLUDE_ALL_APPICON_ASSETS = YES;
				CODE_SIGN_ENTITLEMENTS = "detnsw-autologin-helper/detnsw_autologin_helper.entitlements";
				CODE_SIGN_IDENTITY = "Apple Development";
				CODE_SIGN_STYLE = Automatic;
				COMBINE_HIDPI_IMAGES = YES;
				CURRENT_PROJECT_VERSION = 1;
				DEVELOPMENT_TEAM = QX9LC82293;
				ENABLE_HARDENED_RUNTIME = YES;
				GENERATE_INFOPLIST_FILE = YES;
				INFOPLIST_KEY_LSApplicationCategoryType = "public.app-category.utilities";
				INFOPLIST_KEY_LSBackgroundOnly = YES;
				INFOPLIST_KEY_NSHumanReadableCopyright = "";
				INFOPLIST_KEY_NSPrincipalClass = NSApplication;
				LD_RUNPATH_SEARCH_PATHS = (
					"$(inherited)",
					"@executable_path/../Frameworks",
				);
				MACOSX_DEPLOYMENT_TARGET = 13.0;
				MARKETING_VERSION = 2.0;
				PRODUCT_BUNDLE_IDENTIFIER = "circularsprojects.detnsw-autologin-helper";
				PRODUCT_NAME = "$(TARGET_NAME)";
				PROVISIONING_PROFILE_SPECIFIER = "";
				SKIP_INSTALL = YES;
				SWIFT_EMIT_LOC_STRINGS = YES;
				SWIFT_VERSION = 5.0;
			};
			name = Debug;
		};
		4DFC29E7288FA32800905466 /* Release */ = {
			isa = XCBuildConfiguration;
			buildSettings = {
				ASSETCATALOG_COMPILER_APPICON_NAME = AppIcon;
				ASSETCATALOG_COMPILER_GLOBAL_ACCENT_COLOR_NAME = AccentColor;
				ASSETCATALOG_COMPILER_INCLUDE_ALL_APPICON_ASSETS = YES;
				CODE_SIGN_ENTITLEMENTS = "detnsw-autologin-helper/detnsw_autologin_helper.entitlements";
				CODE_SIGN_IDENTITY = "Apple Development";
				CODE_SIGN_STYLE = Automatic;
				COMBINE_HIDPI_IMAGES = YES;
				CURRENT_PROJECT_VERSION = 1;
				DEVELOPMENT_TEAM = QX9LC82293;
				ENABLE_HARDENED_RUNTIME = YES;
				GENERATE_INFOPLIST_FILE = YES;
				INFOPLIST_KEY_LSApplicationCategoryType = "public.app-category.utilities";
				INFOPLIST_KEY_LSBackgroundOnly = YES;
				INFOPLIST_KEY_NSHumanReadableCopyright = "";
				INFOPLIST_KEY_NSPrincipalClass = NSApplication;
				LD_RUNPATH_SEARCH_PATHS = (
					"$(inherited)",
					"@executable_path/../Frameworks",
				);
				MACOSX_DEPLOYMENT_TARGET = 13.0;
				MARKETING_VERSION = 2.0;
				PRODUCT_BUNDLE_IDENTIFIER = "circularsprojects.detnsw-autologin-helper";
				PRODUCT_NAME = "$(TARGET_NAME)";
				PROVISIONING_PROFILE_SPECIFIER = "";
				SKIP_INSTALL = YES;
				SWIFT_EMIT_LOC_STRINGS = YES;
				SWIFT_VERSION = 5.0;
			};
			name = Release;
		};
/* End XCBuildConfiguration section */

/* Begin XCConfigurationList section */
		4DAFFD11288A38A100C70680 /* Build configuration list for PBXProject "detnsw-autologin" */ = {
			isa = XCConfigurationList;
			buildConfigurations = (
				4DAFFD39288A38A500C70680 /* Debug */,
				4DAFFD3A288A38A500C70680 /* Release */,
			);
			defaultConfigurationIsVisible = 0;
			defaultConfigurationName = Release;
		};
		4DAFFD3B288A38A500C70680 /* Build configuration list for PBXNativeTarget "detnsw-autologin" */ = {
			isa = XCConfigurationList;
			buildConfigurations = (
				4DAFFD3C288A38A500C70680 /* Debug */,
				4DAFFD3D288A38A500C70680 /* Release */,
			);
			defaultConfigurationIsVisible = 0;
			defaultConfigurationName = Release;
		};
		4DFC29E5288FA32800905466 /* Build configuration list for PBXNativeTarget "detnsw-autologin-helper" */ = {
			isa = XCConfigurationList;
			buildConfigurations = (
				4DFC29E6288FA32800905466 /* Debug */,
				4DFC29E7288FA32800905466 /* Release */,
			);
			defaultConfigurationIsVisible = 0;
			defaultConfigurationName = Release;
		};
/* End XCConfigurationList section */
	};
	rootObject = 4DAFFD0E288A38A100C70680 /* Project object */;
}
