// !$*UTF8*$!
{
	archiveVersion = 1;
	classes = {
	};
	objectVersion = 55;
	objects = {

/* Begin PBXBuildFile section */
		4DAFFD1A288A38A100C70680 /* AppDelegate.swift in Sources */ = {isa = PBXBuildFile; fileRef = 4DAFFD19288A38A100C70680 /* AppDelegate.swift */; };
		4DAFFD1C288A38A100C70680 /* ViewController.swift in Sources */ = {isa = PBXBuildFile; fileRef = 4DAFFD1B288A38A100C70680 /* ViewController.swift */; };
		4DAFFD1E288A38A500C70680 /* Assets.xcassets in Resources */ = {isa = PBXBuildFile; fileRef = 4DAFFD1D288A38A500C70680 /* Assets.xcassets */; };
		4DAFFD21288A38A500C70680 /* Main.storyboard in Resources */ = {isa = PBXBuildFile; fileRef = 4DAFFD1F288A38A500C70680 /* Main.storyboard */; };
		4DAFFD2C288A38A500C70680 /* detnsw_autologinTests.swift in Sources */ = {isa = PBXBuildFile; fileRef = 4DAFFD2B288A38A500C70680 /* detnsw_autologinTests.swift */; };
		4DAFFD36288A38A500C70680 /* detnsw_autologinUITests.swift in Sources */ = {isa = PBXBuildFile; fileRef = 4DAFFD35288A38A500C70680 /* detnsw_autologinUITests.swift */; };
		4DAFFD38288A38A500C70680 /* detnsw_autologinUITestsLaunchTests.swift in Sources */ = {isa = PBXBuildFile; fileRef = 4DAFFD37288A38A500C70680 /* detnsw_autologinUITestsLaunchTests.swift */; };
		4DAFFD46288E314500C70680 /* keychain.swift in Sources */ = {isa = PBXBuildFile; fileRef = 4DAFFD45288E314500C70680 /* keychain.swift */; };
		4DCE341828938D0400F24BA6 /* detnsw-autologin-helper.app in CopyFiles */ = {isa = PBXBuildFile; fileRef = 4DFC29C3288FA32700905466 /* detnsw-autologin-helper.app */; settings = {ATTRIBUTES = (RemoveHeadersOnCopy, ); }; };
		4DFC29C6288FA32700905466 /* HelperAppDelegate.swift in Sources */ = {isa = PBXBuildFile; fileRef = 4DFC29C5288FA32700905466 /* HelperAppDelegate.swift */; };
		4DFC29CA288FA32700905466 /* Assets.xcassets in Resources */ = {isa = PBXBuildFile; fileRef = 4DFC29C9288FA32700905466 /* Assets.xcassets */; };
		4DFC29CD288FA32700905466 /* Main.storyboard in Resources */ = {isa = PBXBuildFile; fileRef = 4DFC29CB288FA32700905466 /* Main.storyboard */; };
		4DFC29D8288FA32800905466 /* detnsw_autologin_helperTests.swift in Sources */ = {isa = PBXBuildFile; fileRef = 4DFC29D7288FA32800905466 /* detnsw_autologin_helperTests.swift */; };
		4DFC29E2288FA32800905466 /* detnsw_autologin_helperUITests.swift in Sources */ = {isa = PBXBuildFile; fileRef = 4DFC29E1288FA32800905466 /* detnsw_autologin_helperUITests.swift */; };
		4DFC29E4288FA32800905466 /* detnsw_autologin_helperUITestsLaunchTests.swift in Sources */ = {isa = PBXBuildFile; fileRef = 4DFC29E3288FA32800905466 /* detnsw_autologin_helperUITestsLaunchTests.swift */; };
/* End PBXBuildFile section */

/* Begin PBXContainerItemProxy section */
		4DAFFD28288A38A500C70680 /* PBXContainerItemProxy */ = {
			isa = PBXContainerItemProxy;
			containerPortal = 4DAFFD0E288A38A100C70680 /* Project object */;
			proxyType = 1;
			remoteGlobalIDString = 4DAFFD15288A38A100C70680;
			remoteInfo = "detnsw-autologin";
		};
		4DAFFD32288A38A500C70680 /* PBXContainerItemProxy */ = {
			isa = PBXContainerItemProxy;
			containerPortal = 4DAFFD0E288A38A100C70680 /* Project object */;
			proxyType = 1;
			remoteGlobalIDString = 4DAFFD15288A38A100C70680;
			remoteInfo = "detnsw-autologin";
		};
		4DEAC6B728922861006B54DA /* PBXContainerItemProxy */ = {
			isa = PBXContainerItemProxy;
			containerPortal = 4DAFFD0E288A38A100C70680 /* Project object */;
			proxyType = 1;
			remoteGlobalIDString = 4DAFFD15288A38A100C70680;
			remoteInfo = "detnsw-autologin";
		};
		4DFC29D4288FA32800905466 /* PBXContainerItemProxy */ = {
			isa = PBXContainerItemProxy;
			containerPortal = 4DAFFD0E288A38A100C70680 /* Project object */;
			proxyType = 1;
			remoteGlobalIDString = 4DFC29C2288FA32700905466;
			remoteInfo = "detnsw-autologin-helper";
		};
		4DFC29DE288FA32800905466 /* PBXContainerItemProxy */ = {
			isa = PBXContainerItemProxy;
			containerPortal = 4DAFFD0E288A38A100C70680 /* Project object */;
			proxyType = 1;
			remoteGlobalIDString = 4DFC29C2288FA32700905466;
			remoteInfo = "detnsw-autologin-helper";
		};
/* End PBXContainerItemProxy section */

/* Begin PBXCopyFilesBuildPhase section */
		4DCE3416289370C300F24BA6 /* CopyFiles */ = {
			isa = PBXCopyFilesBuildPhase;
			buildActionMask = 2147483647;
			dstPath = Contents/Library/LoginItems;
			dstSubfolderSpec = 1;
			files = (
				4DCE341828938D0400F24BA6 /* detnsw-autologin-helper.app in CopyFiles */,
			);
			runOnlyForDeploymentPostprocessing = 0;
		};
/* End PBXCopyFilesBuildPhase section */

/* Begin PBXFileReference section */
		4DAFFD16288A38A100C70680 /* detnsw-autologin.app */ = {isa = PBXFileReference; explicitFileType = wrapper.application; includeInIndex = 0; path = "detnsw-autologin.app"; sourceTree = BUILT_PRODUCTS_DIR; };
		4DAFFD19288A38A100C70680 /* AppDelegate.swift */ = {isa = PBXFileReference; lastKnownFileType = sourcecode.swift; path = AppDelegate.swift; sourceTree = "<group>"; };
		4DAFFD1B288A38A100C70680 /* ViewController.swift */ = {isa = PBXFileReference; lastKnownFileType = sourcecode.swift; path = ViewController.swift; sourceTree = "<group>"; };
		4DAFFD1D288A38A500C70680 /* Assets.xcassets */ = {isa = PBXFileReference; lastKnownFileType = folder.assetcatalog; path = Assets.xcassets; sourceTree = "<group>"; };
		4DAFFD20288A38A500C70680 /* Base */ = {isa = PBXFileReference; lastKnownFileType = file.storyboard; name = Base; path = Base.lproj/Main.storyboard; sourceTree = "<group>"; };
		4DAFFD22288A38A500C70680 /* detnsw_autologin.entitlements */ = {isa = PBXFileReference; lastKnownFileType = text.plist.entitlements; path = detnsw_autologin.entitlements; sourceTree = "<group>"; };
		4DAFFD27288A38A500C70680 /* detnsw-autologinTests.xctest */ = {isa = PBXFileReference; explicitFileType = wrapper.cfbundle; includeInIndex = 0; path = "detnsw-autologinTests.xctest"; sourceTree = BUILT_PRODUCTS_DIR; };
		4DAFFD2B288A38A500C70680 /* detnsw_autologinTests.swift */ = {isa = PBXFileReference; lastKnownFileType = sourcecode.swift; path = detnsw_autologinTests.swift; sourceTree = "<group>"; };
		4DAFFD31288A38A500C70680 /* detnsw-autologinUITests.xctest */ = {isa = PBXFileReference; explicitFileType = wrapper.cfbundle; includeInIndex = 0; path = "detnsw-autologinUITests.xctest"; sourceTree = BUILT_PRODUCTS_DIR; };
		4DAFFD35288A38A500C70680 /* detnsw_autologinUITests.swift */ = {isa = PBXFileReference; lastKnownFileType = sourcecode.swift; path = detnsw_autologinUITests.swift; sourceTree = "<group>"; };
		4DAFFD37288A38A500C70680 /* detnsw_autologinUITestsLaunchTests.swift */ = {isa = PBXFileReference; lastKnownFileType = sourcecode.swift; path = detnsw_autologinUITestsLaunchTests.swift; sourceTree = "<group>"; };
		4DAFFD44288A50C700C70680 /* README.md */ = {isa = PBXFileReference; lastKnownFileType = net.daringfireball.markdown; path = README.md; sourceTree = "<group>"; };
		4DAFFD45288E314500C70680 /* keychain.swift */ = {isa = PBXFileReference; lastKnownFileType = sourcecode.swift; path = keychain.swift; sourceTree = "<group>"; };
		4DEAC6B928922904006B54DA /* Info.plist */ = {isa = PBXFileReference; lastKnownFileType = text.plist; path = Info.plist; sourceTree = "<group>"; };
		4DFC29C3288FA32700905466 /* detnsw-autologin-helper.app */ = {isa = PBXFileReference; explicitFileType = wrapper.application; includeInIndex = 0; path = "detnsw-autologin-helper.app"; sourceTree = BUILT_PRODUCTS_DIR; };
		4DFC29C5288FA32700905466 /* HelperAppDelegate.swift */ = {isa = PBXFileReference; lastKnownFileType = sourcecode.swift; path = HelperAppDelegate.swift; sourceTree = "<group>"; };
		4DFC29C9288FA32700905466 /* Assets.xcassets */ = {isa = PBXFileReference; lastKnownFileType = folder.assetcatalog; path = Assets.xcassets; sourceTree = "<group>"; };
		4DFC29CC288FA32700905466 /* Base */ = {isa = PBXFileReference; lastKnownFileType = file.storyboard; name = Base; path = Base.lproj/Main.storyboard; sourceTree = "<group>"; };
		4DFC29CE288FA32700905466 /* detnsw_autologin_helper.entitlements */ = {isa = PBXFileReference; lastKnownFileType = text.plist.entitlements; path = detnsw_autologin_helper.entitlements; sourceTree = "<group>"; };
		4DFC29D3288FA32800905466 /* detnsw-autologin-helperTests.xctest */ = {isa = PBXFileReference; explicitFileType = wrapper.cfbundle; includeInIndex = 0; path = "detnsw-autologin-helperTests.xctest"; sourceTree = BUILT_PRODUCTS_DIR; };
		4DFC29D7288FA32800905466 /* detnsw_autologin_helperTests.swift */ = {isa = PBXFileReference; lastKnownFileType = sourcecode.swift; path = detnsw_autologin_helperTests.swift; sourceTree = "<group>"; };
		4DFC29DD288FA32800905466 /* detnsw-autologin-helperUITests.xctest */ = {isa = PBXFileReference; explicitFileType = wrapper.cfbundle; includeInIndex = 0; path = "detnsw-autologin-helperUITests.xctest"; sourceTree = BUILT_PRODUCTS_DIR; };
		4DFC29E1288FA32800905466 /* detnsw_autologin_helperUITests.swift */ = {isa = PBXFileReference; lastKnownFileType = sourcecode.swift; path = detnsw_autologin_helperUITests.swift; sourceTree = "<group>"; };
		4DFC29E3288FA32800905466 /* detnsw_autologin_helperUITestsLaunchTests.swift */ = {isa = PBXFileReference; lastKnownFileType = sourcecode.swift; path = detnsw_autologin_helperUITestsLaunchTests.swift; sourceTree = "<group>"; };
/* End PBXFileReference section */

/* Begin PBXFrameworksBuildPhase section */
		4DAFFD13288A38A100C70680 /* Frameworks */ = {
			isa = PBXFrameworksBuildPhase;
			buildActionMask = 2147483647;
			files = (
			);
			runOnlyForDeploymentPostprocessing = 0;
		};
		4DAFFD24288A38A500C70680 /* Frameworks */ = {
			isa = PBXFrameworksBuildPhase;
			buildActionMask = 2147483647;
			files = (
			);
			runOnlyForDeploymentPostprocessing = 0;
		};
		4DAFFD2E288A38A500C70680 /* Frameworks */ = {
			isa = PBXFrameworksBuildPhase;
			buildActionMask = 2147483647;
			files = (
			);
			runOnlyForDeploymentPostprocessing = 0;
		};
		4DFC29C0288FA32700905466 /* Frameworks */ = {
			isa = PBXFrameworksBuildPhase;
			buildActionMask = 2147483647;
			files = (
			);
			runOnlyForDeploymentPostprocessing = 0;
		};
		4DFC29D0288FA32800905466 /* Frameworks */ = {
			isa = PBXFrameworksBuildPhase;
			buildActionMask = 2147483647;
			files = (
			);
			runOnlyForDeploymentPostprocessing = 0;
		};
		4DFC29DA288FA32800905466 /* Frameworks */ = {
			isa = PBXFrameworksBuildPhase;
			buildActionMask = 2147483647;
			files = (
			);
			runOnlyForDeploymentPostprocessing = 0;
		};
/* End PBXFrameworksBuildPhase section */

/* Begin PBXGroup section */
		4DAFFD0D288A38A100C70680 = {
			isa = PBXGroup;
			children = (
				4DAFFD44288A50C700C70680 /* README.md */,
				4DAFFD18288A38A100C70680 /* detnsw-autologin */,
				4DAFFD2A288A38A500C70680 /* detnsw-autologinTests */,
				4DAFFD34288A38A500C70680 /* detnsw-autologinUITests */,
				4DFC29C4288FA32700905466 /* detnsw-autologin-helper */,
				4DFC29D6288FA32800905466 /* detnsw-autologin-helperTests */,
				4DFC29E0288FA32800905466 /* detnsw-autologin-helperUITests */,
				4DAFFD17288A38A100C70680 /* Products */,
			);
			sourceTree = "<group>";
		};
		4DAFFD17288A38A100C70680 /* Products */ = {
			isa = PBXGroup;
			children = (
				4DAFFD16288A38A100C70680 /* detnsw-autologin.app */,
				4DAFFD27288A38A500C70680 /* detnsw-autologinTests.xctest */,
				4DAFFD31288A38A500C70680 /* detnsw-autologinUITests.xctest */,
				4DFC29C3288FA32700905466 /* detnsw-autologin-helper.app */,
				4DFC29D3288FA32800905466 /* detnsw-autologin-helperTests.xctest */,
				4DFC29DD288FA32800905466 /* detnsw-autologin-helperUITests.xctest */,
			);
			name = Products;
			sourceTree = "<group>";
		};
		4DAFFD18288A38A100C70680 /* detnsw-autologin */ = {
			isa = PBXGroup;
			children = (
				4DAFFD19288A38A100C70680 /* AppDelegate.swift */,
				4DAFFD1B288A38A100C70680 /* ViewController.swift */,
				4DAFFD1D288A38A500C70680 /* Assets.xcassets */,
				4DAFFD1F288A38A500C70680 /* Main.storyboard */,
				4DAFFD22288A38A500C70680 /* detnsw_autologin.entitlements */,
				4DAFFD45288E314500C70680 /* keychain.swift */,
			);
			path = "detnsw-autologin";
			sourceTree = "<group>";
		};
		4DAFFD2A288A38A500C70680 /* detnsw-autologinTests */ = {
			isa = PBXGroup;
			children = (
				4DAFFD2B288A38A500C70680 /* detnsw_autologinTests.swift */,
			);
			path = "detnsw-autologinTests";
			sourceTree = "<group>";
		};
		4DAFFD34288A38A500C70680 /* detnsw-autologinUITests */ = {
			isa = PBXGroup;
			children = (
				4DAFFD35288A38A500C70680 /* detnsw_autologinUITests.swift */,
				4DAFFD37288A38A500C70680 /* detnsw_autologinUITestsLaunchTests.swift */,
			);
			path = "detnsw-autologinUITests";
			sourceTree = "<group>";
		};
		4DFC29C4288FA32700905466 /* detnsw-autologin-helper */ = {
			isa = PBXGroup;
			children = (
				4DEAC6B928922904006B54DA /* Info.plist */,
				4DFC29C5288FA32700905466 /* HelperAppDelegate.swift */,
				4DFC29C9288FA32700905466 /* Assets.xcassets */,
				4DFC29CB288FA32700905466 /* Main.storyboard */,
				4DFC29CE288FA32700905466 /* detnsw_autologin_helper.entitlements */,
			);
			path = "detnsw-autologin-helper";
			sourceTree = "<group>";
		};
		4DFC29D6288FA32800905466 /* detnsw-autologin-helperTests */ = {
			isa = PBXGroup;
			children = (
				4DFC29D7288FA32800905466 /* detnsw_autologin_helperTests.swift */,
			);
			path = "detnsw-autologin-helperTests";
			sourceTree = "<group>";
		};
		4DFC29E0288FA32800905466 /* detnsw-autologin-helperUITests */ = {
			isa = PBXGroup;
			children = (
				4DFC29E1288FA32800905466 /* detnsw_autologin_helperUITests.swift */,
				4DFC29E3288FA32800905466 /* detnsw_autologin_helperUITestsLaunchTests.swift */,
			);
			path = "detnsw-autologin-helperUITests";
			sourceTree = "<group>";
		};
/* End PBXGroup section */

/* Begin PBXNativeTarget section */
		4DAFFD15288A38A100C70680 /* detnsw-autologin */ = {
			isa = PBXNativeTarget;
			buildConfigurationList = 4DAFFD3B288A38A500C70680 /* Build configuration list for PBXNativeTarget "detnsw-autologin" */;
			buildPhases = (
				4DAFFD12288A38A100C70680 /* Sources */,
				4DAFFD13288A38A100C70680 /* Frameworks */,
				4DAFFD14288A38A100C70680 /* Resources */,
			);
			buildRules = (
			);
			dependencies = (
			);
			name = "detnsw-autologin";
			productName = "detnsw-autologin";
			productReference = 4DAFFD16288A38A100C70680 /* detnsw-autologin.app */;
			productType = "com.apple.product-type.application";
		};
		4DAFFD26288A38A500C70680 /* detnsw-autologinTests */ = {
			isa = PBXNativeTarget;
			buildConfigurationList = 4DAFFD3E288A38A500C70680 /* Build configuration list for PBXNativeTarget "detnsw-autologinTests" */;
			buildPhases = (
				4DAFFD23288A38A500C70680 /* Sources */,
				4DAFFD24288A38A500C70680 /* Frameworks */,
				4DAFFD25288A38A500C70680 /* Resources */,
			);
			buildRules = (
			);
			dependencies = (
				4DAFFD29288A38A500C70680 /* PBXTargetDependency */,
			);
			name = "detnsw-autologinTests";
			productName = "detnsw-autologinTests";
			productReference = 4DAFFD27288A38A500C70680 /* detnsw-autologinTests.xctest */;
			productType = "com.apple.product-type.bundle.unit-test";
		};
		4DAFFD30288A38A500C70680 /* detnsw-autologinUITests */ = {
			isa = PBXNativeTarget;
			buildConfigurationList = 4DAFFD41288A38A500C70680 /* Build configuration list for PBXNativeTarget "detnsw-autologinUITests" */;
			buildPhases = (
				4DAFFD2D288A38A500C70680 /* Sources */,
				4DAFFD2E288A38A500C70680 /* Frameworks */,
				4DAFFD2F288A38A500C70680 /* Resources */,
			);
			buildRules = (
			);
			dependencies = (
				4DAFFD33288A38A500C70680 /* PBXTargetDependency */,
			);
			name = "detnsw-autologinUITests";
			productName = "detnsw-autologinUITests";
			productReference = 4DAFFD31288A38A500C70680 /* detnsw-autologinUITests.xctest */;
			productType = "com.apple.product-type.bundle.ui-testing";
		};
		4DFC29C2288FA32700905466 /* detnsw-autologin-helper */ = {
			isa = PBXNativeTarget;
			buildConfigurationList = 4DFC29E5288FA32800905466 /* Build configuration list for PBXNativeTarget "detnsw-autologin-helper" */;
			buildPhases = (
				4DFC29BF288FA32700905466 /* Sources */,
				4DFC29C0288FA32700905466 /* Frameworks */,
				4DFC29C1288FA32700905466 /* Resources */,
				4DCE3416289370C300F24BA6 /* CopyFiles */,
			);
			buildRules = (
			);
			dependencies = (
			);
			name = "detnsw-autologin-helper";
			productName = "detnsw-autologin-helper";
			productReference = 4DFC29C3288FA32700905466 /* detnsw-autologin-helper.app */;
			productType = "com.apple.product-type.application";
		};
		4DFC29D2288FA32800905466 /* detnsw-autologin-helperTests */ = {
			isa = PBXNativeTarget;
			buildConfigurationList = 4DFC29E8288FA32800905466 /* Build configuration list for PBXNativeTarget "detnsw-autologin-helperTests" */;
			buildPhases = (
				4DFC29CF288FA32800905466 /* Sources */,
				4DFC29D0288FA32800905466 /* Frameworks */,
				4DFC29D1288FA32800905466 /* Resources */,
			);
			buildRules = (
			);
			dependencies = (
				4DFC29D5288FA32800905466 /* PBXTargetDependency */,
			);
			name = "detnsw-autologin-helperTests";
			productName = "detnsw-autologin-helperTests";
			productReference = 4DFC29D3288FA32800905466 /* detnsw-autologin-helperTests.xctest */;
			productType = "com.apple.product-type.bundle.unit-test";
		};
		4DFC29DC288FA32800905466 /* detnsw-autologin-helperUITests */ = {
			isa = PBXNativeTarget;
			buildConfigurationList = 4DFC29EB288FA32800905466 /* Build configuration list for PBXNativeTarget "detnsw-autologin-helperUITests" */;
			buildPhases = (
				4DFC29D9288FA32800905466 /* Sources */,
				4DFC29DA288FA32800905466 /* Frameworks */,
				4DFC29DB288FA32800905466 /* Resources */,
			);
			buildRules = (
			);
			dependencies = (
				4DFC29DF288FA32800905466 /* PBXTargetDependency */,
				4DEAC6B828922861006B54DA /* PBXTargetDependency */,
			);
			name = "detnsw-autologin-helperUITests";
			productName = "detnsw-autologin-helperUITests";
			productReference = 4DFC29DD288FA32800905466 /* detnsw-autologin-helperUITests.xctest */;
			productType = "com.apple.product-type.bundle.ui-testing";
		};
/* End PBXNativeTarget section */

/* Begin PBXProject section */
		4DAFFD0E288A38A100C70680 /* Project object */ = {
			isa = PBXProject;
			attributes = {
				BuildIndependentTargetsInParallel = 1;
				LastSwiftUpdateCheck = 1340;
				LastUpgradeCheck = 1340;
				TargetAttributes = {
					4DAFFD15288A38A100C70680 = {
						CreatedOnToolsVersion = 13.4.1;
					};
					4DAFFD26288A38A500C70680 = {
						CreatedOnToolsVersion = 13.4.1;
						TestTargetID = 4DAFFD15288A38A100C70680;
					};
					4DAFFD30288A38A500C70680 = {
						CreatedOnToolsVersion = 13.4.1;
						TestTargetID = 4DAFFD15288A38A100C70680;
					};
					4DFC29C2288FA32700905466 = {
						CreatedOnToolsVersion = 13.4.1;
					};
					4DFC29D2288FA32800905466 = {
						CreatedOnToolsVersion = 13.4.1;
						TestTargetID = 4DFC29C2288FA32700905466;
					};
					4DFC29DC288FA32800905466 = {
						CreatedOnToolsVersion = 13.4.1;
						TestTargetID = 4DFC29C2288FA32700905466;
					};
				};
			};
			buildConfigurationList = 4DAFFD11288A38A100C70680 /* Build configuration list for PBXProject "detnsw-autologin" */;
			compatibilityVersion = "Xcode 13.0";
			developmentRegion = en;
			hasScannedForEncodings = 0;
			knownRegions = (
				en,
				Base,
			);
			mainGroup = 4DAFFD0D288A38A100C70680;
			productRefGroup = 4DAFFD17288A38A100C70680 /* Products */;
			projectDirPath = "";
			projectRoot = "";
			targets = (
				4DAFFD15288A38A100C70680 /* detnsw-autologin */,
				4DAFFD26288A38A500C70680 /* detnsw-autologinTests */,
				4DAFFD30288A38A500C70680 /* detnsw-autologinUITests */,
				4DFC29C2288FA32700905466 /* detnsw-autologin-helper */,
				4DFC29D2288FA32800905466 /* detnsw-autologin-helperTests */,
				4DFC29DC288FA32800905466 /* detnsw-autologin-helperUITests */,
			);
		};
/* End PBXProject section */

/* Begin PBXResourcesBuildPhase section */
		4DAFFD14288A38A100C70680 /* Resources */ = {
			isa = PBXResourcesBuildPhase;
			buildActionMask = 2147483647;
			files = (
				4DAFFD1E288A38A500C70680 /* Assets.xcassets in Resources */,
				4DAFFD21288A38A500C70680 /* Main.storyboard in Resources */,
			);
			runOnlyForDeploymentPostprocessing = 0;
		};
		4DAFFD25288A38A500C70680 /* Resources */ = {
			isa = PBXResourcesBuildPhase;
			buildActionMask = 2147483647;
			files = (
			);
			runOnlyForDeploymentPostprocessing = 0;
		};
		4DAFFD2F288A38A500C70680 /* Resources */ = {
			isa = PBXResourcesBuildPhase;
			buildActionMask = 2147483647;
			files = (
			);
			runOnlyForDeploymentPostprocessing = 0;
		};
		4DFC29C1288FA32700905466 /* Resources */ = {
			isa = PBXResourcesBuildPhase;
			buildActionMask = 2147483647;
			files = (
				4DFC29CA288FA32700905466 /* Assets.xcassets in Resources */,
				4DFC29CD288FA32700905466 /* Main.storyboard in Resources */,
			);
			runOnlyForDeploymentPostprocessing = 0;
		};
		4DFC29D1288FA32800905466 /* Resources */ = {
			isa = PBXResourcesBuildPhase;
			buildActionMask = 2147483647;
			files = (
			);
			runOnlyForDeploymentPostprocessing = 0;
		};
		4DFC29DB288FA32800905466 /* Resources */ = {
			isa = PBXResourcesBuildPhase;
			buildActionMask = 2147483647;
			files = (
			);
			runOnlyForDeploymentPostprocessing = 0;
		};
/* End PBXResourcesBuildPhase section */

/* Begin PBXSourcesBuildPhase section */
		4DAFFD12288A38A100C70680 /* Sources */ = {
			isa = PBXSourcesBuildPhase;
			buildActionMask = 2147483647;
			files = (
				4DAFFD1C288A38A100C70680 /* ViewController.swift in Sources */,
				4DAFFD46288E314500C70680 /* keychain.swift in Sources */,
				4DAFFD1A288A38A100C70680 /* AppDelegate.swift in Sources */,
			);
			runOnlyForDeploymentPostprocessing = 0;
		};
		4DAFFD23288A38A500C70680 /* Sources */ = {
			isa = PBXSourcesBuildPhase;
			buildActionMask = 2147483647;
			files = (
				4DAFFD2C288A38A500C70680 /* detnsw_autologinTests.swift in Sources */,
			);
			runOnlyForDeploymentPostprocessing = 0;
		};
		4DAFFD2D288A38A500C70680 /* Sources */ = {
			isa = PBXSourcesBuildPhase;
			buildActionMask = 2147483647;
			files = (
				4DAFFD38288A38A500C70680 /* detnsw_autologinUITestsLaunchTests.swift in Sources */,
				4DAFFD36288A38A500C70680 /* detnsw_autologinUITests.swift in Sources */,
			);
			runOnlyForDeploymentPostprocessing = 0;
		};
		4DFC29BF288FA32700905466 /* Sources */ = {
			isa = PBXSourcesBuildPhase;
			buildActionMask = 2147483647;
			files = (
				4DFC29C6288FA32700905466 /* HelperAppDelegate.swift in Sources */,
			);
			runOnlyForDeploymentPostprocessing = 0;
		};
		4DFC29CF288FA32800905466 /* Sources */ = {
			isa = PBXSourcesBuildPhase;
			buildActionMask = 2147483647;
			files = (
				4DFC29D8288FA32800905466 /* detnsw_autologin_helperTests.swift in Sources */,
			);
			runOnlyForDeploymentPostprocessing = 0;
		};
		4DFC29D9288FA32800905466 /* Sources */ = {
			isa = PBXSourcesBuildPhase;
			buildActionMask = 2147483647;
			files = (
				4DFC29E4288FA32800905466 /* detnsw_autologin_helperUITestsLaunchTests.swift in Sources */,
				4DFC29E2288FA32800905466 /* detnsw_autologin_helperUITests.swift in Sources */,
			);
			runOnlyForDeploymentPostprocessing = 0;
		};
/* End PBXSourcesBuildPhase section */

/* Begin PBXTargetDependency section */
		4DAFFD29288A38A500C70680 /* PBXTargetDependency */ = {
			isa = PBXTargetDependency;
			target = 4DAFFD15288A38A100C70680 /* detnsw-autologin */;
			targetProxy = 4DAFFD28288A38A500C70680 /* PBXContainerItemProxy */;
		};
		4DAFFD33288A38A500C70680 /* PBXTargetDependency */ = {
			isa = PBXTargetDependency;
			target = 4DAFFD15288A38A100C70680 /* detnsw-autologin */;
			targetProxy = 4DAFFD32288A38A500C70680 /* PBXContainerItemProxy */;
		};
		4DEAC6B828922861006B54DA /* PBXTargetDependency */ = {
			isa = PBXTargetDependency;
			target = 4DAFFD15288A38A100C70680 /* detnsw-autologin */;
			targetProxy = 4DEAC6B728922861006B54DA /* PBXContainerItemProxy */;
		};
		4DFC29D5288FA32800905466 /* PBXTargetDependency */ = {
			isa = PBXTargetDependency;
			target = 4DFC29C2288FA32700905466 /* detnsw-autologin-helper */;
			targetProxy = 4DFC29D4288FA32800905466 /* PBXContainerItemProxy */;
		};
		4DFC29DF288FA32800905466 /* PBXTargetDependency */ = {
			isa = PBXTargetDependency;
			target = 4DFC29C2288FA32700905466 /* detnsw-autologin-helper */;
			targetProxy = 4DFC29DE288FA32800905466 /* PBXContainerItemProxy */;
		};
/* End PBXTargetDependency section */

/* Begin PBXVariantGroup section */
		4DAFFD1F288A38A500C70680 /* Main.storyboard */ = {
			isa = PBXVariantGroup;
			children = (
				4DAFFD20288A38A500C70680 /* Base */,
			);
			name = Main.storyboard;
			sourceTree = "<group>";
		};
		4DFC29CB288FA32700905466 /* Main.storyboard */ = {
			isa = PBXVariantGroup;
			children = (
				4DFC29CC288FA32700905466 /* Base */,
			);
			name = Main.storyboard;
			sourceTree = "<group>";
		};
/* End PBXVariantGroup section */

/* Begin XCBuildConfiguration section */
		4DAFFD39288A38A500C70680 /* Debug */ = {
			isa = XCBuildConfiguration;
			buildSettings = {
				ALWAYS_SEARCH_USER_PATHS = NO;
				CLANG_ANALYZER_NONNULL = YES;
				CLANG_ANALYZER_NUMBER_OBJECT_CONVERSION = YES_AGGRESSIVE;
				CLANG_CXX_LANGUAGE_STANDARD = "gnu++17";
				CLANG_ENABLE_MODULES = YES;
				CLANG_ENABLE_OBJC_ARC = YES;
				CLANG_ENABLE_OBJC_WEAK = YES;
				CLANG_WARN_BLOCK_CAPTURE_AUTORELEASING = YES;
				CLANG_WARN_BOOL_CONVERSION = YES;
				CLANG_WARN_COMMA = YES;
				CLANG_WARN_CONSTANT_CONVERSION = YES;
				CLANG_WARN_DEPRECATED_OBJC_IMPLEMENTATIONS = YES;
				CLANG_WARN_DIRECT_OBJC_ISA_USAGE = YES_ERROR;
				CLANG_WARN_DOCUMENTATION_COMMENTS = YES;
				CLANG_WARN_EMPTY_BODY = YES;
				CLANG_WARN_ENUM_CONVERSION = YES;
				CLANG_WARN_INFINITE_RECURSION = YES;
				CLANG_WARN_INT_CONVERSION = YES;
				CLANG_WARN_NON_LITERAL_NULL_CONVERSION = YES;
				CLANG_WARN_OBJC_IMPLICIT_RETAIN_SELF = YES;
				CLANG_WARN_OBJC_LITERAL_CONVERSION = YES;
				CLANG_WARN_OBJC_ROOT_CLASS = YES_ERROR;
				CLANG_WARN_QUOTED_INCLUDE_IN_FRAMEWORK_HEADER = YES;
				CLANG_WARN_RANGE_LOOP_ANALYSIS = YES;
				CLANG_WARN_STRICT_PROTOTYPES = YES;
				CLANG_WARN_SUSPICIOUS_MOVE = YES;
				CLANG_WARN_UNGUARDED_AVAILABILITY = YES_AGGRESSIVE;
				CLANG_WARN_UNREACHABLE_CODE = YES;
				CLANG_WARN__DUPLICATE_METHOD_MATCH = YES;
				COPY_PHASE_STRIP = NO;
				DEBUG_INFORMATION_FORMAT = dwarf;
				ENABLE_STRICT_OBJC_MSGSEND = YES;
				ENABLE_TESTABILITY = YES;
				GCC_C_LANGUAGE_STANDARD = gnu11;
				GCC_DYNAMIC_NO_PIC = NO;
				GCC_NO_COMMON_BLOCKS = YES;
				GCC_OPTIMIZATION_LEVEL = 0;
				GCC_PREPROCESSOR_DEFINITIONS = (
					"DEBUG=1",
					"$(inherited)",
				);
				GCC_WARN_64_TO_32_BIT_CONVERSION = YES;
				GCC_WARN_ABOUT_RETURN_TYPE = YES_ERROR;
				GCC_WARN_UNDECLARED_SELECTOR = YES;
				GCC_WARN_UNINITIALIZED_AUTOS = YES_AGGRESSIVE;
				GCC_WARN_UNUSED_FUNCTION = YES;
				GCC_WARN_UNUSED_VARIABLE = YES;
				MACOSX_DEPLOYMENT_TARGET = 12.3;
				MTL_ENABLE_DEBUG_INFO = INCLUDE_SOURCE;
				MTL_FAST_MATH = YES;
				ONLY_ACTIVE_ARCH = YES;
				SDKROOT = macosx;
				SWIFT_ACTIVE_COMPILATION_CONDITIONS = DEBUG;
				SWIFT_OPTIMIZATION_LEVEL = "-Onone";
			};
			name = Debug;
		};
		4DAFFD3A288A38A500C70680 /* Release */ = {
			isa = XCBuildConfiguration;
			buildSettings = {
				ALWAYS_SEARCH_USER_PATHS = NO;
				CLANG_ANALYZER_NONNULL = YES;
				CLANG_ANALYZER_NUMBER_OBJECT_CONVERSION = YES_AGGRESSIVE;
				CLANG_CXX_LANGUAGE_STANDARD = "gnu++17";
				CLANG_ENABLE_MODULES = YES;
				CLANG_ENABLE_OBJC_ARC = YES;
				CLANG_ENABLE_OBJC_WEAK = YES;
				CLANG_WARN_BLOCK_CAPTURE_AUTORELEASING = YES;
				CLANG_WARN_BOOL_CONVERSION = YES;
				CLANG_WARN_COMMA = YES;
				CLANG_WARN_CONSTANT_CONVERSION = YES;
				CLANG_WARN_DEPRECATED_OBJC_IMPLEMENTATIONS = YES;
				CLANG_WARN_DIRECT_OBJC_ISA_USAGE = YES_ERROR;
				CLANG_WARN_DOCUMENTATION_COMMENTS = YES;
				CLANG_WARN_EMPTY_BODY = YES;
				CLANG_WARN_ENUM_CONVERSION = YES;
				CLANG_WARN_INFINITE_RECURSION = YES;
				CLANG_WARN_INT_CONVERSION = YES;
				CLANG_WARN_NON_LITERAL_NULL_CONVERSION = YES;
				CLANG_WARN_OBJC_IMPLICIT_RETAIN_SELF = YES;
				CLANG_WARN_OBJC_LITERAL_CONVERSION = YES;
				CLANG_WARN_OBJC_ROOT_CLASS = YES_ERROR;
				CLANG_WARN_QUOTED_INCLUDE_IN_FRAMEWORK_HEADER = YES;
				CLANG_WARN_RANGE_LOOP_ANALYSIS = YES;
				CLANG_WARN_STRICT_PROTOTYPES = YES;
				CLANG_WARN_SUSPICIOUS_MOVE = YES;
				CLANG_WARN_UNGUARDED_AVAILABILITY = YES_AGGRESSIVE;
				CLANG_WARN_UNREACHABLE_CODE = YES;
				CLANG_WARN__DUPLICATE_METHOD_MATCH = YES;
				COPY_PHASE_STRIP = NO;
				DEBUG_INFORMATION_FORMAT = "dwarf-with-dsym";
				ENABLE_NS_ASSERTIONS = NO;
				ENABLE_STRICT_OBJC_MSGSEND = YES;
				GCC_C_LANGUAGE_STANDARD = gnu11;
				GCC_NO_COMMON_BLOCKS = YES;
				GCC_WARN_64_TO_32_BIT_CONVERSION = YES;
				GCC_WARN_ABOUT_RETURN_TYPE = YES_ERROR;
				GCC_WARN_UNDECLARED_SELECTOR = YES;
				GCC_WARN_UNINITIALIZED_AUTOS = YES_AGGRESSIVE;
				GCC_WARN_UNUSED_FUNCTION = YES;
				GCC_WARN_UNUSED_VARIABLE = YES;
				MACOSX_DEPLOYMENT_TARGET = 12.3;
				MTL_ENABLE_DEBUG_INFO = NO;
				MTL_FAST_MATH = YES;
				SDKROOT = macosx;
				SWIFT_COMPILATION_MODE = wholemodule;
				SWIFT_OPTIMIZATION_LEVEL = "-O";
			};
			name = Release;
		};
		4DAFFD3C288A38A500C70680 /* Debug */ = {
			isa = XCBuildConfiguration;
			buildSettings = {
				ASSETCATALOG_COMPILER_APPICON_NAME = AppIcon;
				ASSETCATALOG_COMPILER_GLOBAL_ACCENT_COLOR_NAME = AccentColor;
				ASSETCATALOG_COMPILER_INCLUDE_ALL_APPICON_ASSETS = YES;
				CODE_SIGN_ENTITLEMENTS = "detnsw-autologin/detnsw_autologin.entitlements";
				CODE_SIGN_IDENTITY = "Apple Development";
				CODE_SIGN_STYLE = Automatic;
				COMBINE_HIDPI_IMAGES = YES;
				CURRENT_PROJECT_VERSION = 1;
				DEVELOPMENT_TEAM = QX9LC82293;
				ENABLE_HARDENED_RUNTIME = YES;
				GENERATE_INFOPLIST_FILE = YES;
				INFOPLIST_KEY_NSHumanReadableCopyright = "";
				INFOPLIST_KEY_NSMainStoryboardFile = Main;
				INFOPLIST_KEY_NSPrincipalClass = NSApplication;
				LD_RUNPATH_SEARCH_PATHS = (
					"$(inherited)",
					"@executable_path/../Frameworks",
				);
				MARKETING_VERSION = 1.0;
				PRODUCT_BUNDLE_IDENTIFIER = "circularsprojects.detnsw-autologin";
				PRODUCT_NAME = "$(TARGET_NAME)";
				SWIFT_EMIT_LOC_STRINGS = YES;
				SWIFT_VERSION = 5.0;
			};
			name = Debug;
		};
		4DAFFD3D288A38A500C70680 /* Release */ = {
			isa = XCBuildConfiguration;
			buildSettings = {
				ASSETCATALOG_COMPILER_APPICON_NAME = AppIcon;
				ASSETCATALOG_COMPILER_GLOBAL_ACCENT_COLOR_NAME = AccentColor;
				ASSETCATALOG_COMPILER_INCLUDE_ALL_APPICON_ASSETS = YES;
				CODE_SIGN_ENTITLEMENTS = "detnsw-autologin/detnsw_autologin.entitlements";
				CODE_SIGN_IDENTITY = "Apple Development";
				CODE_SIGN_STYLE = Automatic;
				COMBINE_HIDPI_IMAGES = YES;
				CURRENT_PROJECT_VERSION = 1;
				DEVELOPMENT_TEAM = QX9LC82293;
				ENABLE_HARDENED_RUNTIME = YES;
				GENERATE_INFOPLIST_FILE = YES;
				INFOPLIST_KEY_NSHumanReadableCopyright = "";
				INFOPLIST_KEY_NSMainStoryboardFile = Main;
				INFOPLIST_KEY_NSPrincipalClass = NSApplication;
				LD_RUNPATH_SEARCH_PATHS = (
					"$(inherited)",
					"@executable_path/../Frameworks",
				);
				MARKETING_VERSION = 1.0;
				PRODUCT_BUNDLE_IDENTIFIER = "circularsprojects.detnsw-autologin";
				PRODUCT_NAME = "$(TARGET_NAME)";
				SWIFT_EMIT_LOC_STRINGS = YES;
				SWIFT_VERSION = 5.0;
			};
			name = Release;
		};
		4DAFFD3F288A38A500C70680 /* Debug */ = {
			isa = XCBuildConfiguration;
			buildSettings = {
				ALWAYS_EMBED_SWIFT_STANDARD_LIBRARIES = YES;
				BUNDLE_LOADER = "$(TEST_HOST)";
				CODE_SIGN_STYLE = Automatic;
				CURRENT_PROJECT_VERSION = 1;
				DEVELOPMENT_TEAM = QX9LC82293;
				GENERATE_INFOPLIST_FILE = YES;
				MACOSX_DEPLOYMENT_TARGET = 12.3;
				MARKETING_VERSION = 1.0;
				PRODUCT_BUNDLE_IDENTIFIER = "circularsprojects.detnsw-autologinTests";
				PRODUCT_NAME = "$(TARGET_NAME)";
				SWIFT_EMIT_LOC_STRINGS = NO;
				SWIFT_VERSION = 5.0;
				TEST_HOST = "$(BUILT_PRODUCTS_DIR)/detnsw-autologin.app/Contents/MacOS/detnsw-autologin";
			};
			name = Debug;
		};
		4DAFFD40288A38A500C70680 /* Release */ = {
			isa = XCBuildConfiguration;
			buildSettings = {
				ALWAYS_EMBED_SWIFT_STANDARD_LIBRARIES = YES;
				BUNDLE_LOADER = "$(TEST_HOST)";
				CODE_SIGN_STYLE = Automatic;
				CURRENT_PROJECT_VERSION = 1;
				DEVELOPMENT_TEAM = QX9LC82293;
				GENERATE_INFOPLIST_FILE = YES;
				MACOSX_DEPLOYMENT_TARGET = 12.3;
				MARKETING_VERSION = 1.0;
				PRODUCT_BUNDLE_IDENTIFIER = "circularsprojects.detnsw-autologinTests";
				PRODUCT_NAME = "$(TARGET_NAME)";
				SWIFT_EMIT_LOC_STRINGS = NO;
				SWIFT_VERSION = 5.0;
				TEST_HOST = "$(BUILT_PRODUCTS_DIR)/detnsw-autologin.app/Contents/MacOS/detnsw-autologin";
			};
			name = Release;
		};
		4DAFFD42288A38A500C70680 /* Debug */ = {
			isa = XCBuildConfiguration;
			buildSettings = {
				ALWAYS_EMBED_SWIFT_STANDARD_LIBRARIES = YES;
				CODE_SIGN_STYLE = Automatic;
				CURRENT_PROJECT_VERSION = 1;
				DEVELOPMENT_TEAM = QX9LC82293;
				GENERATE_INFOPLIST_FILE = YES;
				MARKETING_VERSION = 1.0;
				PRODUCT_BUNDLE_IDENTIFIER = "circularsprojects.detnsw-autologinUITests";
				PRODUCT_NAME = "$(TARGET_NAME)";
				SWIFT_EMIT_LOC_STRINGS = NO;
				SWIFT_VERSION = 5.0;
				TEST_TARGET_NAME = "detnsw-autologin";
			};
			name = Debug;
		};
		4DAFFD43288A38A500C70680 /* Release */ = {
			isa = XCBuildConfiguration;
			buildSettings = {
				ALWAYS_EMBED_SWIFT_STANDARD_LIBRARIES = YES;
				CODE_SIGN_STYLE = Automatic;
				CURRENT_PROJECT_VERSION = 1;
				DEVELOPMENT_TEAM = QX9LC82293;
				GENERATE_INFOPLIST_FILE = YES;
				MARKETING_VERSION = 1.0;
				PRODUCT_BUNDLE_IDENTIFIER = "circularsprojects.detnsw-autologinUITests";
				PRODUCT_NAME = "$(TARGET_NAME)";
				SWIFT_EMIT_LOC_STRINGS = NO;
				SWIFT_VERSION = 5.0;
				TEST_TARGET_NAME = "detnsw-autologin";
			};
			name = Release;
		};
		4DFC29E6288FA32800905466 /* Debug */ = {
			isa = XCBuildConfiguration;
			buildSettings = {
				ASSETCATALOG_COMPILER_APPICON_NAME = AppIcon;
				ASSETCATALOG_COMPILER_GLOBAL_ACCENT_COLOR_NAME = AccentColor;
				CODE_SIGN_ENTITLEMENTS = "detnsw-autologin-helper/detnsw_autologin_helper.entitlements";
				CODE_SIGN_IDENTITY = "Apple Development";
				CODE_SIGN_STYLE = Automatic;
				COMBINE_HIDPI_IMAGES = YES;
				CURRENT_PROJECT_VERSION = 1;
				DEVELOPMENT_TEAM = QX9LC82293;
				ENABLE_HARDENED_RUNTIME = YES;
				GENERATE_INFOPLIST_FILE = YES;
				INFOPLIST_FILE = "detnsw-autologin-helper/Info.plist";
				INFOPLIST_KEY_NSHumanReadableCopyright = "";
				INFOPLIST_KEY_NSMainStoryboardFile = Main;
				INFOPLIST_KEY_NSPrincipalClass = NSApplication;
				LD_RUNPATH_SEARCH_PATHS = (
					"$(inherited)",
					"@executable_path/../Frameworks",
				);
				MARKETING_VERSION = 1.0;
				PRODUCT_BUNDLE_IDENTIFIER = "circularsprojects.detnsw-autologin-helper";
				PRODUCT_NAME = "$(TARGET_NAME)";
				SKIP_INSTALL = YES;
				SWIFT_EMIT_LOC_STRINGS = YES;
				SWIFT_VERSION = 5.0;
			};
			name = Debug;
		};
		4DFC29E7288FA32800905466 /* Release */ = {
			isa = XCBuildConfiguration;
			buildSettings = {
				ASSETCATALOG_COMPILER_APPICON_NAME = AppIcon;
				ASSETCATALOG_COMPILER_GLOBAL_ACCENT_COLOR_NAME = AccentColor;
				CODE_SIGN_ENTITLEMENTS = "detnsw-autologin-helper/detnsw_autologin_helper.entitlements";
				CODE_SIGN_IDENTITY = "Apple Development";
				CODE_SIGN_STYLE = Automatic;
				COMBINE_HIDPI_IMAGES = YES;
				CURRENT_PROJECT_VERSION = 1;
				DEVELOPMENT_TEAM = QX9LC82293;
				ENABLE_HARDENED_RUNTIME = YES;
				GENERATE_INFOPLIST_FILE = YES;
				INFOPLIST_FILE = "detnsw-autologin-helper/Info.plist";
				INFOPLIST_KEY_NSHumanReadableCopyright = "";
				INFOPLIST_KEY_NSMainStoryboardFile = Main;
				INFOPLIST_KEY_NSPrincipalClass = NSApplication;
				LD_RUNPATH_SEARCH_PATHS = (
					"$(inherited)",
					"@executable_path/../Frameworks",
				);
				MARKETING_VERSION = 1.0;
				PRODUCT_BUNDLE_IDENTIFIER = "circularsprojects.detnsw-autologin-helper";
				PRODUCT_NAME = "$(TARGET_NAME)";
				SKIP_INSTALL = YES;
				SWIFT_EMIT_LOC_STRINGS = YES;
				SWIFT_VERSION = 5.0;
			};
			name = Release;
		};
		4DFC29E9288FA32800905466 /* Debug */ = {
			isa = XCBuildConfiguration;
			buildSettings = {
				ALWAYS_EMBED_SWIFT_STANDARD_LIBRARIES = YES;
				BUNDLE_LOADER = "$(TEST_HOST)";
				CODE_SIGN_STYLE = Automatic;
				CURRENT_PROJECT_VERSION = 1;
				DEVELOPMENT_TEAM = QX9LC82293;
				GENERATE_INFOPLIST_FILE = YES;
				MACOSX_DEPLOYMENT_TARGET = 12.3;
				MARKETING_VERSION = 1.0;
				PRODUCT_BUNDLE_IDENTIFIER = "circularsprojects.detnsw-autologin-helperTests";
				PRODUCT_NAME = "$(TARGET_NAME)";
				SWIFT_EMIT_LOC_STRINGS = NO;
				SWIFT_VERSION = 5.0;
				TEST_HOST = "$(BUILT_PRODUCTS_DIR)/detnsw-autologin-helper.app/Contents/MacOS/detnsw-autologin-helper";
			};
			name = Debug;
		};
		4DFC29EA288FA32800905466 /* Release */ = {
			isa = XCBuildConfiguration;
			buildSettings = {
				ALWAYS_EMBED_SWIFT_STANDARD_LIBRARIES = YES;
				BUNDLE_LOADER = "$(TEST_HOST)";
				CODE_SIGN_STYLE = Automatic;
				CURRENT_PROJECT_VERSION = 1;
				DEVELOPMENT_TEAM = QX9LC82293;
				GENERATE_INFOPLIST_FILE = YES;
				MACOSX_DEPLOYMENT_TARGET = 12.3;
				MARKETING_VERSION = 1.0;
				PRODUCT_BUNDLE_IDENTIFIER = "circularsprojects.detnsw-autologin-helperTests";
				PRODUCT_NAME = "$(TARGET_NAME)";
				SWIFT_EMIT_LOC_STRINGS = NO;
				SWIFT_VERSION = 5.0;
				TEST_HOST = "$(BUILT_PRODUCTS_DIR)/detnsw-autologin-helper.app/Contents/MacOS/detnsw-autologin-helper";
			};
			name = Release;
		};
		4DFC29EC288FA32800905466 /* Debug */ = {
			isa = XCBuildConfiguration;
			buildSettings = {
				ALWAYS_EMBED_SWIFT_STANDARD_LIBRARIES = YES;
				CODE_SIGN_STYLE = Automatic;
				CURRENT_PROJECT_VERSION = 1;
				DEVELOPMENT_TEAM = QX9LC82293;
				GENERATE_INFOPLIST_FILE = YES;
				MARKETING_VERSION = 1.0;
				PRODUCT_BUNDLE_IDENTIFIER = "circularsprojects.detnsw-autologin-helperUITests";
				PRODUCT_NAME = "$(TARGET_NAME)";
				SWIFT_EMIT_LOC_STRINGS = NO;
				SWIFT_VERSION = 5.0;
				TEST_TARGET_NAME = "detnsw-autologin-helper";
			};
			name = Debug;
		};
		4DFC29ED288FA32800905466 /* Release */ = {
			isa = XCBuildConfiguration;
			buildSettings = {
				ALWAYS_EMBED_SWIFT_STANDARD_LIBRARIES = YES;
				CODE_SIGN_STYLE = Automatic;
				CURRENT_PROJECT_VERSION = 1;
				DEVELOPMENT_TEAM = QX9LC82293;
				GENERATE_INFOPLIST_FILE = YES;
				MARKETING_VERSION = 1.0;
				PRODUCT_BUNDLE_IDENTIFIER = "circularsprojects.detnsw-autologin-helperUITests";
				PRODUCT_NAME = "$(TARGET_NAME)";
				SWIFT_EMIT_LOC_STRINGS = NO;
				SWIFT_VERSION = 5.0;
				TEST_TARGET_NAME = "detnsw-autologin-helper";
			};
			name = Release;
		};
/* End XCBuildConfiguration section */

/* Begin XCConfigurationList section */
		4DAFFD11288A38A100C70680 /* Build configuration list for PBXProject "detnsw-autologin" */ = {
			isa = XCConfigurationList;
			buildConfigurations = (
				4DAFFD39288A38A500C70680 /* Debug */,
				4DAFFD3A288A38A500C70680 /* Release */,
			);
			defaultConfigurationIsVisible = 0;
			defaultConfigurationName = Release;
		};
		4DAFFD3B288A38A500C70680 /* Build configuration list for PBXNativeTarget "detnsw-autologin" */ = {
			isa = XCConfigurationList;
			buildConfigurations = (
				4DAFFD3C288A38A500C70680 /* Debug */,
				4DAFFD3D288A38A500C70680 /* Release */,
			);
			defaultConfigurationIsVisible = 0;
			defaultConfigurationName = Release;
		};
		4DAFFD3E288A38A500C70680 /* Build configuration list for PBXNativeTarget "detnsw-autologinTests" */ = {
			isa = XCConfigurationList;
			buildConfigurations = (
				4DAFFD3F288A38A500C70680 /* Debug */,
				4DAFFD40288A38A500C70680 /* Release */,
			);
			defaultConfigurationIsVisible = 0;
			defaultConfigurationName = Release;
		};
		4DAFFD41288A38A500C70680 /* Build configuration list for PBXNativeTarget "detnsw-autologinUITests" */ = {
			isa = XCConfigurationList;
			buildConfigurations = (
				4DAFFD42288A38A500C70680 /* Debug */,
				4DAFFD43288A38A500C70680 /* Release */,
			);
			defaultConfigurationIsVisible = 0;
			defaultConfigurationName = Release;
		};
		4DFC29E5288FA32800905466 /* Build configuration list for PBXNativeTarget "detnsw-autologin-helper" */ = {
			isa = XCConfigurationList;
			buildConfigurations = (
				4DFC29E6288FA32800905466 /* Debug */,
				4DFC29E7288FA32800905466 /* Release */,
			);
			defaultConfigurationIsVisible = 0;
			defaultConfigurationName = Release;
		};
		4DFC29E8288FA32800905466 /* Build configuration list for PBXNativeTarget "detnsw-autologin-helperTests" */ = {
			isa = XCConfigurationList;
			buildConfigurations = (
				4DFC29E9288FA32800905466 /* Debug */,
				4DFC29EA288FA32800905466 /* Release */,
			);
			defaultConfigurationIsVisible = 0;
			defaultConfigurationName = Release;
		};
		4DFC29EB288FA32800905466 /* Build configuration list for PBXNativeTarget "detnsw-autologin-helperUITests" */ = {
			isa = XCConfigurationList;
			buildConfigurations = (
				4DFC29EC288FA32800905466 /* Debug */,
				4DFC29ED288FA32800905466 /* Release */,
			);
			defaultConfigurationIsVisible = 0;
			defaultConfigurationName = Release;
		};
/* End XCConfigurationList section */
	};
	rootObject = 4DAFFD0E288A38A100C70680 /* Project object */;
}
